
Microsoft Visual Studio Solution File, Format Version 12.00
# Visual Studio Version 16
VisualStudioVersion = 16.0.29806.167
MinimumVisualStudioVersion = 10.0.40219.1
Project("{9A19103F-16F7-4668-BE54-9A1E7A4F7556}") = "SoftCircuits.OrderedDictionary", "SoftCircuits.OrderedDictionary\SoftCircuits.OrderedDictionary.csproj", "{29994F32-32CE-4C55-A89A-FCFF464F5823}"
EndProject
Project("{FAE04EC0-301F-11D3-BF4B-00C04F79EFBC}") = "OrderedDictionaryTests", "OrderedDictionaryTests\OrderedDictionaryTests.csproj", "{78BA0CA7-DD09-4165-83EA-53B603F51F6F}"
EndProject
Global
	GlobalSection(SolutionConfigurationPlatforms) = preSolution
		Debug|Any CPU = Debug|Any CPU
		Release|Any CPU = Release|Any CPU
	EndGlobalSection
	GlobalSection(ProjectConfigurationPlatforms) = postSolution
		{29994F32-32CE-4C55-A89A-FCFF464F5823}.Debug|Any CPU.ActiveCfg = Debug|Any CPU
		{29994F32-32CE-4C55-A89A-FCFF464F5823}.Debug|Any CPU.Build.0 = Debug|Any CPU
		{29994F32-32CE-4C55-A89A-FCFF464F5823}.Release|Any CPU.ActiveCfg = Release|Any CPU
		{29994F32-32CE-4C55-A89A-FCFF464F5823}.Release|Any CPU.Build.0 = Release|Any CPU
		{78BA0CA7-DD09-4165-83EA-53B603F51F6F}.Debug|Any CPU.ActiveCfg = Debug|Any CPU
		{78BA0CA7-DD09-4165-83EA-53B603F51F6F}.Debug|Any CPU.Build.0 = Debug|Any CPU
		{78BA0CA7-DD09-4165-83EA-53B603F51F6F}.Release|Any CPU.ActiveCfg = Release|Any CPU
		{78BA0CA7-DD09-4165-83EA-53B603F51F6F}.Release|Any CPU.Build.0 = Release|Any CPU
	EndGlobalSection
	GlobalSection(SolutionProperties) = preSolution
		HideSolutionNode = FALSE
	EndGlobalSection
	GlobalSection(ExtensibilityGlobals) = postSolution
		SolutionGuid = {1101FE53-E1A8-42AD-B4FE-C4C9ACDA3D72}
	EndGlobalSection
EndGlobal
